
Microsoft Visual Studio Solution File, Format Version 12.00
# Visual Studio Version 16
VisualStudioVersion = 16.0.29519.181
MinimumVisualStudioVersion = 10.0.40219.1
Project("{FAE04EC0-301F-11D3-BF4B-00C04F79EFBC}") = "Collections I", "Collections I\Collections I.csproj", "{D6C96D6E-10D1-4285-96E2-FAFB09DE8045}"
EndProject
Global
	GlobalSection(SolutionConfigurationPlatforms) = preSolution
		Debug|Any CPU = Debug|Any CPU
		Release|Any CPU = Release|Any CPU
	EndGlobalSection
	GlobalSection(ProjectConfigurationPlatforms) = postSolution
		{D6C96D6E-10D1-4285-96E2-FAFB09DE8045}.Debug|Any CPU.ActiveCfg = Debug|Any CPU
		{D6C96D6E-10D1-4285-96E2-FAFB09DE8045}.Debug|Any CPU.Build.0 = Debug|Any CPU
		{D6C96D6E-10D1-4285-96E2-FAFB09DE8045}.Release|Any CPU.ActiveCfg = Release|Any CPU
		{D6C96D6E-10D1-4285-96E2-FAFB09DE8045}.Release|Any CPU.Build.0 = Release|Any CPU
	EndGlobalSection
	GlobalSection(SolutionProperties) = preSolution
		HideSolutionNode = FALSE
	EndGlobalSection
	GlobalSection(ExtensibilityGlobals) = postSolution
		SolutionGuid = {F23856A6-9A0C-4CF5-894C-7B517E11A57E}
	EndGlobalSection
EndGlobal
